
Microsoft Visual Studio Solution File, Format Version 12.00
# Visual Studio Version 16
VisualStudioVersion = 16.0.30907.101
MinimumVisualStudioVersion = 10.0.40219.1
Project("{FAE04EC0-301F-11D3-BF4B-00C04F79EFBC}") = "HotelDevExpress", "HotelDevExpress\HotelDevExpress.csproj", "{9ACF2AFE-A837-4BF5-B066-A6FFB6B45322}"
EndProject
Global
	GlobalSection(SolutionConfigurationPlatforms) = preSolution
		Debug|Any CPU = Debug|Any CPU
		Release|Any CPU = Release|Any CPU
	EndGlobalSection
	GlobalSection(ProjectConfigurationPlatforms) = postSolution
		{9ACF2AFE-A837-4BF5-B066-A6FFB6B45322}.Debug|Any CPU.ActiveCfg = Debug|Any CPU
		{9ACF2AFE-A837-4BF5-B066-A6FFB6B45322}.Debug|Any CPU.Build.0 = Debug|Any CPU
		{9ACF2AFE-A837-4BF5-B066-A6FFB6B45322}.Release|Any CPU.ActiveCfg = Release|Any CPU
		{9ACF2AFE-A837-4BF5-B066-A6FFB6B45322}.Release|Any CPU.Build.0 = Release|Any CPU
	EndGlobalSection
	GlobalSection(SolutionProperties) = preSolution
		HideSolutionNode = FALSE
	EndGlobalSection
	GlobalSection(ExtensibilityGlobals) = postSolution
		SolutionGuid = {4ED7F4BA-22DC-4423-BEF0-2057CB4EF54B}
	EndGlobalSection
EndGlobal
